// !$*UTF8*$!
{
	archiveVersion = 1;
	classes = {
	};
	objectVersion = 55;
	objects = {

/* Begin PBXBuildFile section */
		CE485A932789466800402618 /* AppDelegate.swift in Sources */ = {isa = PBXBuildFile; fileRef = CE485A922789466800402618 /* AppDelegate.swift */; };
		CE485A952789466800402618 /* SceneDelegate.swift in Sources */ = {isa = PBXBuildFile; fileRef = CE485A942789466800402618 /* SceneDelegate.swift */; };
		CE485A972789466800402618 /* ViewController.swift in Sources */ = {isa = PBXBuildFile; fileRef = CE485A962789466800402618 /* ViewController.swift */; };
		CE485A9A2789466900402618 /* Main.storyboard in Resources */ = {isa = PBXBuildFile; fileRef = CE485A982789466900402618 /* Main.storyboard */; };
		CE485A9C2789466B00402618 /* Assets.xcassets in Resources */ = {isa = PBXBuildFile; fileRef = CE485A9B2789466B00402618 /* Assets.xcassets */; };
		CE485A9F2789466B00402618 /* LaunchScreen.storyboard in Resources */ = {isa = PBXBuildFile; fileRef = CE485A9D2789466B00402618 /* LaunchScreen.storyboard */; };
		CE485AAA2789466B00402618 /* iOSPreWorkTests.swift in Sources */ = {isa = PBXBuildFile; fileRef = CE485AA92789466B00402618 /* iOSPreWorkTests.swift */; };
		CE485AB42789466B00402618 /* iOSPreWorkUITests.swift in Sources */ = {isa = PBXBuildFile; fileRef = CE485AB32789466B00402618 /* iOSPreWorkUITests.swift */; };
		CE485AB62789466C00402618 /* iOSPreWorkUITestsLaunchTests.swift in Sources */ = {isa = PBXBuildFile; fileRef = CE485AB52789466C00402618 /* iOSPreWorkUITestsLaunchTests.swift */; };
/* End PBXBuildFile section */

/* Begin PBXContainerItemProxy section */
		CE485AA62789466B00402618 /* PBXContainerItemProxy */ = {
			isa = PBXContainerItemProxy;
			containerPortal = CE485A872789466800402618 /* Project object */;
			proxyType = 1;
			remoteGlobalIDString = CE485A8E2789466800402618;
			remoteInfo = iOSPreWork;
		};
		CE485AB02789466B00402618 /* PBXContainerItemProxy */ = {
			isa = PBXContainerItemProxy;
			containerPortal = CE485A872789466800402618 /* Project object */;
			proxyType = 1;
			remoteGlobalIDString = CE485A8E2789466800402618;
			remoteInfo = iOSPreWork;
		};
/* End PBXContainerItemProxy section */

/* Begin PBXFileReference section */
		CE485A8F2789466800402618 /* iOSPreWork.app */ = {isa = PBXFileReference; explicitFileType = wrapper.application; includeInIndex = 0; path = iOSPreWork.app; sourceTree = BUILT_PRODUCTS_DIR; };
		CE485A922789466800402618 /* AppDelegate.swift */ = {isa = PBXFileReference; lastKnownFileType = sourcecode.swift; path = AppDelegate.swift; sourceTree = "<group>"; };
		CE485A942789466800402618 /* SceneDelegate.swift */ = {isa = PBXFileReference; lastKnownFileType = sourcecode.swift; path = SceneDelegate.swift; sourceTree = "<group>"; };
		CE485A962789466800402618 /* ViewController.swift */ = {isa = PBXFileReference; lastKnownFileType = sourcecode.swift; path = ViewController.swift; sourceTree = "<group>"; };
		CE485A992789466900402618 /* Base */ = {isa = PBXFileReference; lastKnownFileType = file.storyboard; name = Base; path = Base.lproj/Main.storyboard; sourceTree = "<group>"; };
		CE485A9B2789466B00402618 /* Assets.xcassets */ = {isa = PBXFileReference; lastKnownFileType = folder.assetcatalog; path = Assets.xcassets; sourceTree = "<group>"; };
		CE485A9E2789466B00402618 /* Base */ = {isa = PBXFileReference; lastKnownFileType = file.storyboard; name = Base; path = Base.lproj/LaunchScreen.storyboard; sourceTree = "<group>"; };
		CE485AA02789466B00402618 /* Info.plist */ = {isa = PBXFileReference; lastKnownFileType = text.plist.xml; path = Info.plist; sourceTree = "<group>"; };
		CE485AA52789466B00402618 /* iOSPreWorkTests.xctest */ = {isa = PBXFileReference; explicitFileType = wrapper.cfbundle; includeInIndex = 0; path = iOSPreWorkTests.xctest; sourceTree = BUILT_PRODUCTS_DIR; };
		CE485AA92789466B00402618 /* iOSPreWorkTests.swift */ = {isa = PBXFileReference; lastKnownFileType = sourcecode.swift; path = iOSPreWorkTests.swift; sourceTree = "<group>"; };
		CE485AAF2789466B00402618 /* iOSPreWorkUITests.xctest */ = {isa = PBXFileReference; explicitFileType = wrapper.cfbundle; includeInIndex = 0; path = iOSPreWorkUITests.xctest; sourceTree = BUILT_PRODUCTS_DIR; };
		CE485AB32789466B00402618 /* iOSPreWorkUITests.swift */ = {isa = PBXFileReference; lastKnownFileType = sourcecode.swift; path = iOSPreWorkUITests.swift; sourceTree = "<group>"; };
		CE485AB52789466C00402618 /* iOSPreWorkUITestsLaunchTests.swift */ = {isa = PBXFileReference; lastKnownFileType = sourcecode.swift; path = iOSPreWorkUITestsLaunchTests.swift; sourceTree = "<group>"; };
/* End PBXFileReference section */

/* Begin PBXFrameworksBuildPhase section */
		CE485A8C2789466800402618 /* Frameworks */ = {
			isa = PBXFrameworksBuildPhase;
			buildActionMask = 2147483647;
			files = (
			);
			runOnlyForDeploymentPostprocessing = 0;
		};
		CE485AA22789466B00402618 /* Frameworks */ = {
			isa = PBXFrameworksBuildPhase;
			buildActionMask = 2147483647;
			files = (
			);
			runOnlyForDeploymentPostprocessing = 0;
		};
		CE485AAC2789466B00402618 /* Frameworks */ = {
			isa = PBXFrameworksBuildPhase;
			buildActionMask = 2147483647;
			files = (
			);
			runOnlyForDeploymentPostprocessing = 0;
		};
/* End PBXFrameworksBuildPhase section */

/* Begin PBXGroup section */
		CE485A862789466800402618 = {
			isa = PBXGroup;
			children = (
				CE485A912789466800402618 /* iOSPreWork */,
				CE485AA82789466B00402618 /* iOSPreWorkTests */,
				CE485AB22789466B00402618 /* iOSPreWorkUITests */,
				CE485A902789466800402618 /* Products */,
			);
			sourceTree = "<group>";
		};
		CE485A902789466800402618 /* Products */ = {
			isa = PBXGroup;
			children = (
				CE485A8F2789466800402618 /* iOSPreWork.app */,
				CE485AA52789466B00402618 /* iOSPreWorkTests.xctest */,
				CE485AAF2789466B00402618 /* iOSPreWorkUITests.xctest */,
			);
			name = Products;
			sourceTree = "<group>";
		};
		CE485A912789466800402618 /* iOSPreWork */ = {
			isa = PBXGroup;
			children = (
				CE485A922789466800402618 /* AppDelegate.swift */,
				CE485A942789466800402618 /* SceneDelegate.swift */,
				CE485A962789466800402618 /* ViewController.swift */,
				CE485A982789466900402618 /* Main.storyboard */,
				CE485A9B2789466B00402618 /* Assets.xcassets */,
				CE485A9D2789466B00402618 /* LaunchScreen.storyboard */,
				CE485AA02789466B00402618 /* Info.plist */,
			);
			path = iOSPreWork;
			sourceTree = "<group>";
		};
		CE485AA82789466B00402618 /* iOSPreWorkTests */ = {
			isa = PBXGroup;
			children = (
				CE485AA92789466B00402618 /* iOSPreWorkTests.swift */,
			);
			path = iOSPreWorkTests;
			sourceTree = "<group>";
		};
		CE485AB22789466B00402618 /* iOSPreWorkUITests */ = {
			isa = PBXGroup;
			children = (
				CE485AB32789466B00402618 /* iOSPreWorkUITests.swift */,
				CE485AB52789466C00402618 /* iOSPreWorkUITestsLaunchTests.swift */,
			);
			path = iOSPreWorkUITests;
			sourceTree = "<group>";
		};
/* End PBXGroup section */

/* Begin PBXNativeTarget section */
		CE485A8E2789466800402618 /* iOSPreWork */ = {
			isa = PBXNativeTarget;
			buildConfigurationList = CE485AB92789466C00402618 /* Build configuration list for PBXNativeTarget "iOSPreWork" */;
			buildPhases = (
				CE485A8B2789466800402618 /* Sources */,
				CE485A8C2789466800402618 /* Frameworks */,
				CE485A8D2789466800402618 /* Resources */,
			);
			buildRules = (
			);
			dependencies = (
			);
			name = iOSPreWork;
			productName = iOSPreWork;
			productReference = CE485A8F2789466800402618 /* iOSPreWork.app */;
			productType = "com.apple.product-type.application";
		};
		CE485AA42789466B00402618 /* iOSPreWorkTests */ = {
			isa = PBXNativeTarget;
			buildConfigurationList = CE485ABC2789466C00402618 /* Build configuration list for PBXNativeTarget "iOSPreWorkTests" */;
			buildPhases = (
				CE485AA12789466B00402618 /* Sources */,
				CE485AA22789466B00402618 /* Frameworks */,
				CE485AA32789466B00402618 /* Resources */,
			);
			buildRules = (
			);
			dependencies = (
				CE485AA72789466B00402618 /* PBXTargetDependency */,
			);
			name = iOSPreWorkTests;
			productName = iOSPreWorkTests;
			productReference = CE485AA52789466B00402618 /* iOSPreWorkTests.xctest */;
			productType = "com.apple.product-type.bundle.unit-test";
		};
		CE485AAE2789466B00402618 /* iOSPreWorkUITests */ = {
			isa = PBXNativeTarget;
			buildConfigurationList = CE485ABF2789466C00402618 /* Build configuration list for PBXNativeTarget "iOSPreWorkUITests" */;
			buildPhases = (
				CE485AAB2789466B00402618 /* Sources */,
				CE485AAC2789466B00402618 /* Frameworks */,
				CE485AAD2789466B00402618 /* Resources */,
			);
			buildRules = (
			);
			dependencies = (
				CE485AB12789466B00402618 /* PBXTargetDependency */,
			);
			name = iOSPreWorkUITests;
			productName = iOSPreWorkUITests;
			productReference = CE485AAF2789466B00402618 /* iOSPreWorkUITests.xctest */;
			productType = "com.apple.product-type.bundle.ui-testing";
		};
/* End PBXNativeTarget section */

/* Begin PBXProject section */
		CE485A872789466800402618 /* Project object */ = {
			isa = PBXProject;
			attributes = {
				BuildIndependentTargetsInParallel = 1;
				LastSwiftUpdateCheck = 1320;
				LastUpgradeCheck = 1320;
				TargetAttributes = {
					CE485A8E2789466800402618 = {
						CreatedOnToolsVersion = 13.2.1;
					};
					CE485AA42789466B00402618 = {
						CreatedOnToolsVersion = 13.2.1;
						TestTargetID = CE485A8E2789466800402618;
					};
					CE485AAE2789466B00402618 = {
						CreatedOnToolsVersion = 13.2.1;
						TestTargetID = CE485A8E2789466800402618;
					};
				};
			};
			buildConfigurationList = CE485A8A2789466800402618 /* Build configuration list for PBXProject "iOSPreWork" */;
			compatibilityVersion = "Xcode 13.0";
			developmentRegion = en;
			hasScannedForEncodings = 0;
			knownRegions = (
				en,
				Base,
			);
			mainGroup = CE485A862789466800402618;
			productRefGroup = CE485A902789466800402618 /* Products */;
			projectDirPath = "";
			projectRoot = "";
			targets = (
				CE485A8E2789466800402618 /* iOSPreWork */,
				CE485AA42789466B00402618 /* iOSPreWorkTests */,
				CE485AAE2789466B00402618 /* iOSPreWorkUITests */,
			);
		};
/* End PBXProject section */

/* Begin PBXResourcesBuildPhase section */
		CE485A8D2789466800402618 /* Resources */ = {
			isa = PBXResourcesBuildPhase;
			buildActionMask = 2147483647;
			files = (
				CE485A9F2789466B00402618 /* LaunchScreen.storyboard in Resources */,
				CE485A9C2789466B00402618 /* Assets.xcassets in Resources */,
				CE485A9A2789466900402618 /* Main.storyboard in Resources */,
			);
			runOnlyForDeploymentPostprocessing = 0;
		};
		CE485AA32789466B00402618 /* Resources */ = {
			isa = PBXResourcesBuildPhase;
			buildActionMask = 2147483647;
			files = (
			);
			runOnlyForDeploymentPostprocessing = 0;
		};
		CE485AAD2789466B00402618 /* Resources */ = {
			isa = PBXResourcesBuildPhase;
			buildActionMask = 2147483647;
			files = (
			);
			runOnlyForDeploymentPostprocessing = 0;
		};
/* End PBXResourcesBuildPhase section */

/* Begin PBXSourcesBuildPhase section */
		CE485A8B2789466800402618 /* Sources */ = {
			isa = PBXSourcesBuildPhase;
			buildActionMask = 2147483647;
			files = (
				CE485A972789466800402618 /* ViewController.swift in Sources */,
				CE485A932789466800402618 /* AppDelegate.swift in Sources */,
				CE485A952789466800402618 /* SceneDelegate.swift in Sources */,
			);
			runOnlyForDeploymentPostprocessing = 0;
		};
		CE485AA12789466B00402618 /* Sources */ = {
			isa = PBXSourcesBuildPhase;
			buildActionMask = 2147483647;
			files = (
				CE485AAA2789466B00402618 /* iOSPreWorkTests.swift in Sources */,
			);
			runOnlyForDeploymentPostprocessing = 0;
		};
		CE485AAB2789466B00402618 /* Sources */ = {
			isa = PBXSourcesBuildPhase;
			buildActionMask = 2147483647;
			files = (
				CE485AB42789466B00402618 /* iOSPreWorkUITests.swift in Sources */,
				CE485AB62789466C00402618 /* iOSPreWorkUITestsLaunchTests.swift in Sources */,
			);
			runOnlyForDeploymentPostprocessing = 0;
		};
/* End PBXSourcesBuildPhase section */

/* Begin PBXTargetDependency section */
		CE485AA72789466B00402618 /* PBXTargetDependency */ = {
			isa = PBXTargetDependency;
			target = CE485A8E2789466800402618 /* iOSPreWork */;
			targetProxy = CE485AA62789466B00402618 /* PBXContainerItemProxy */;
		};
		CE485AB12789466B00402618 /* PBXTargetDependency */ = {
			isa = PBXTargetDependency;
			target = CE485A8E2789466800402618 /* iOSPreWork */;
			targetProxy = CE485AB02789466B00402618 /* PBXContainerItemProxy */;
		};
/* End PBXTargetDependency section */

/* Begin PBXVariantGroup section */
		CE485A982789466900402618 /* Main.storyboard */ = {
			isa = PBXVariantGroup;
			children = (
				CE485A992789466900402618 /* Base */,
			);
			name = Main.storyboard;
			sourceTree = "<group>";
		};
		CE485A9D2789466B00402618 /* LaunchScreen.storyboard */ = {
			isa = PBXVariantGroup;
			children = (
				CE485A9E2789466B00402618 /* Base */,
			);
			name = LaunchScreen.storyboard;
			sourceTree = "<group>";
		};
/* End PBXVariantGroup section */

/* Begin XCBuildConfiguration section */
		CE485AB72789466C00402618 /* Debug */ = {
			isa = XCBuildConfiguration;
			buildSettings = {
				ALWAYS_SEARCH_USER_PATHS = NO;
				CLANG_ANALYZER_NONNULL = YES;
				CLANG_ANALYZER_NUMBER_OBJECT_CONVERSION = YES_AGGRESSIVE;
				CLANG_CXX_LANGUAGE_STANDARD = "gnu++17";
				CLANG_CXX_LIBRARY = "libc++";
				CLANG_ENABLE_MODULES = YES;
				CLANG_ENABLE_OBJC_ARC = YES;
				CLANG_ENABLE_OBJC_WEAK = YES;
				CLANG_WARN_BLOCK_CAPTURE_AUTORELEASING = YES;
				CLANG_WARN_BOOL_CONVERSION = YES;
				CLANG_WARN_COMMA = YES;
				CLANG_WARN_CONSTANT_CONVERSION = YES;
				CLANG_WARN_DEPRECATED_OBJC_IMPLEMENTATIONS = YES;
				CLANG_WARN_DIRECT_OBJC_ISA_USAGE = YES_ERROR;
				CLANG_WARN_DOCUMENTATION_COMMENTS = YES;
				CLANG_WARN_EMPTY_BODY = YES;
				CLANG_WARN_ENUM_CONVERSION = YES;
				CLANG_WARN_INFINITE_RECURSION = YES;
				CLANG_WARN_INT_CONVERSION = YES;
				CLANG_WARN_NON_LITERAL_NULL_CONVERSION = YES;
				CLANG_WARN_OBJC_IMPLICIT_RETAIN_SELF = YES;
				CLANG_WARN_OBJC_LITERAL_CONVERSION = YES;
				CLANG_WARN_OBJC_ROOT_CLASS = YES_ERROR;
				CLANG_WARN_QUOTED_INCLUDE_IN_FRAMEWORK_HEADER = YES;
				CLANG_WARN_RANGE_LOOP_ANALYSIS = YES;
				CLANG_WARN_STRICT_PROTOTYPES = YES;
				CLANG_WARN_SUSPICIOUS_MOVE = YES;
				CLANG_WARN_UNGUARDED_AVAILABILITY = YES_AGGRESSIVE;
				CLANG_WARN_UNREACHABLE_CODE = YES;
				CLANG_WARN__DUPLICATE_METHOD_MATCH = YES;
				COPY_PHASE_STRIP = NO;
				DEBUG_INFORMATION_FORMAT = dwarf;
				ENABLE_STRICT_OBJC_MSGSEND = YES;
				ENABLE_TESTABILITY = YES;
				GCC_C_LANGUAGE_STANDARD = gnu11;
				GCC_DYNAMIC_NO_PIC = NO;
				GCC_NO_COMMON_BLOCKS = YES;
				GCC_OPTIMIZATION_LEVEL = 0;
				GCC_PREPROCESSOR_DEFINITIONS = (
					"DEBUG=1",
					"$(inherited)",
				);
				GCC_WARN_64_TO_32_BIT_CONVERSION = YES;
				GCC_WARN_ABOUT_RETURN_TYPE = YES_ERROR;
				GCC_WARN_UNDECLARED_SELECTOR = YES;
				GCC_WARN_UNINITIALIZED_AUTOS = YES_AGGRESSIVE;
				GCC_WARN_UNUSED_FUNCTION = YES;
				GCC_WARN_UNUSED_VARIABLE = YES;
				IPHONEOS_DEPLOYMENT_TARGET = 15.2;
				MTL_ENABLE_DEBUG_INFO = INCLUDE_SOURCE;
				MTL_FAST_MATH = YES;
				ONLY_ACTIVE_ARCH = YES;
				SDKROOT = iphoneos;
				SWIFT_ACTIVE_COMPILATION_CONDITIONS = DEBUG;
				SWIFT_OPTIMIZATION_LEVEL = "-Onone";
			};
			name = Debug;
		};
		CE485AB82789466C00402618 /* Release */ = {
			isa = XCBuildConfiguration;
			buildSettings = {
				ALWAYS_SEARCH_USER_PATHS = NO;
				CLANG_ANALYZER_NONNULL = YES;
				CLANG_ANALYZER_NUMBER_OBJECT_CONVERSION = YES_AGGRESSIVE;
				CLANG_CXX_LANGUAGE_STANDARD = "gnu++17";
				CLANG_CXX_LIBRARY = "libc++";
				CLANG_ENABLE_MODULES = YES;
				CLANG_ENABLE_OBJC_ARC = YES;
				CLANG_ENABLE_OBJC_WEAK = YES;
				CLANG_WARN_BLOCK_CAPTURE_AUTORELEASING = YES;
				CLANG_WARN_BOOL_CONVERSION = YES;
				CLANG_WARN_COMMA = YES;
				CLANG_WARN_CONSTANT_CONVERSION = YES;
				CLANG_WARN_DEPRECATED_OBJC_IMPLEMENTATIONS = YES;
				CLANG_WARN_DIRECT_OBJC_ISA_USAGE = YES_ERROR;
				CLANG_WARN_DOCUMENTATION_COMMENTS = YES;
				CLANG_WARN_EMPTY_BODY = YES;
				CLANG_WARN_ENUM_CONVERSION = YES;
				CLANG_WARN_INFINITE_RECURSION = YES;
				CLANG_WARN_INT_CONVERSION = YES;
				CLANG_WARN_NON_LITERAL_NULL_CONVERSION = YES;
				CLANG_WARN_OBJC_IMPLICIT_RETAIN_SELF = YES;
				CLANG_WARN_OBJC_LITERAL_CONVERSION = YES;
				CLANG_WARN_OBJC_ROOT_CLASS = YES_ERROR;
				CLANG_WARN_QUOTED_INCLUDE_IN_FRAMEWORK_HEADER = YES;
				CLANG_WARN_RANGE_LOOP_ANALYSIS = YES;
				CLANG_WARN_STRICT_PROTOTYPES = YES;
				CLANG_WARN_SUSPICIOUS_MOVE = YES;
				CLANG_WARN_UNGUARDED_AVAILABILITY = YES_AGGRESSIVE;
				CLANG_WARN_UNREACHABLE_CODE = YES;
				CLANG_WARN__DUPLICATE_METHOD_MATCH = YES;
				COPY_PHASE_STRIP = NO;
				DEBUG_INFORMATION_FORMAT = "dwarf-with-dsym";
				ENABLE_NS_ASSERTIONS = NO;
				ENABLE_STRICT_OBJC_MSGSEND = YES;
				GCC_C_LANGUAGE_STANDARD = gnu11;
				GCC_NO_COMMON_BLOCKS = YES;
				GCC_WARN_64_TO_32_BIT_CONVERSION = YES;
				GCC_WARN_ABOUT_RETURN_TYPE = YES_ERROR;
				GCC_WARN_UNDECLARED_SELECTOR = YES;
				GCC_WARN_UNINITIALIZED_AUTOS = YES_AGGRESSIVE;
				GCC_WARN_UNUSED_FUNCTION = YES;
				GCC_WARN_UNUSED_VARIABLE = YES;
				IPHONEOS_DEPLOYMENT_TARGET = 15.2;
				MTL_ENABLE_DEBUG_INFO = NO;
				MTL_FAST_MATH = YES;
				SDKROOT = iphoneos;
				SWIFT_COMPILATION_MODE = wholemodule;
				SWIFT_OPTIMIZATION_LEVEL = "-O";
				VALIDATE_PRODUCT = YES;
			};
			name = Release;
		};
		CE485ABA2789466C00402618 /* Debug */ = {
			isa = XCBuildConfiguration;
			buildSettings = {
				ASSETCATALOG_COMPILER_APPICON_NAME = AppIcon;
				ASSETCATALOG_COMPILER_GLOBAL_ACCENT_COLOR_NAME = AccentColor;
				CODE_SIGN_STYLE = Automatic;
				CURRENT_PROJECT_VERSION = 1;
				GENERATE_INFOPLIST_FILE = YES;
				INFOPLIST_FILE = iOSPreWork/Info.plist;
				INFOPLIST_KEY_UIApplicationSupportsIndirectInputEvents = YES;
				INFOPLIST_KEY_UILaunchStoryboardName = LaunchScreen;
				INFOPLIST_KEY_UIMainStoryboardFile = Main;
				INFOPLIST_KEY_UISupportedInterfaceOrientations_iPad = "UIInterfaceOrientationPortrait UIInterfaceOrientationPortraitUpsideDown UIInterfaceOrientationLandscapeLeft UIInterfaceOrientationLandscapeRight";
				INFOPLIST_KEY_UISupportedInterfaceOrientations_iPhone = "UIInterfaceOrientationPortrait UIInterfaceOrientationLandscapeLeft UIInterfaceOrientationLandscapeRight";
				LD_RUNPATH_SEARCH_PATHS = (
					"$(inherited)",
					"@executable_path/Frameworks",
				);
				MARKETING_VERSION = 1.0;
				PRODUCT_BUNDLE_IDENTIFIER = memo.com.iOSPreWork;
				PRODUCT_NAME = "$(TARGET_NAME)";
				SWIFT_EMIT_LOC_STRINGS = YES;
				SWIFT_VERSION = 5.0;
				TARGETED_DEVICE_FAMILY = "1,2";
			};
			name = Debug;
		};
		CE485ABB2789466C00402618 /* Release */ = {
			isa = XCBuildConfiguration;
			buildSettings = {
				ASSETCATALOG_COMPILER_APPICON_NAME = AppIcon;
				ASSETCATALOG_COMPILER_GLOBAL_ACCENT_COLOR_NAME = AccentColor;
				CODE_SIGN_STYLE = Automatic;
				CURRENT_PROJECT_VERSION = 1;
				GENERATE_INFOPLIST_FILE = YES;
				INFOPLIST_FILE = iOSPreWork/Info.plist;
				INFOPLIST_KEY_UIApplicationSupportsIndirectInputEvents = YES;
				INFOPLIST_KEY_UILaunchStoryboardName = LaunchScreen;
				INFOPLIST_KEY_UIMainStoryboardFile = Main;
				INFOPLIST_KEY_UISupportedInterfaceOrientations_iPad = "UIInterfaceOrientationPortrait UIInterfaceOrientationPortraitUpsideDown UIInterfaceOrientationLandscapeLeft UIInterfaceOrientationLandscapeRight";
				INFOPLIST_KEY_UISupportedInterfaceOrientations_iPhone = "UIInterfaceOrientationPortrait UIInterfaceOrientationLandscapeLeft UIInterfaceOrientationLandscapeRight";
				LD_RUNPATH_SEARCH_PATHS = (
					"$(inherited)",
					"@executable_path/Frameworks",
				);
				MARKETING_VERSION = 1.0;
				PRODUCT_BUNDLE_IDENTIFIER = memo.com.iOSPreWork;
				PRODUCT_NAME = "$(TARGET_NAME)";
				SWIFT_EMIT_LOC_STRINGS = YES;
				SWIFT_VERSION = 5.0;
				TARGETED_DEVICE_FAMILY = "1,2";
			};
			name = Release;
		};
		CE485ABD2789466C00402618 /* Debug */ = {
			isa = XCBuildConfiguration;
			buildSettings = {
				ALWAYS_EMBED_SWIFT_STANDARD_LIBRARIES = YES;
				BUNDLE_LOADER = "$(TEST_HOST)";
				CODE_SIGN_STYLE = Automatic;
				CURRENT_PROJECT_VERSION = 1;
				GENERATE_INFOPLIST_FILE = YES;
				IPHONEOS_DEPLOYMENT_TARGET = 15.2;
				MARKETING_VERSION = 1.0;
				PRODUCT_BUNDLE_IDENTIFIER = memo.com.iOSPreWorkTests;
				PRODUCT_NAME = "$(TARGET_NAME)";
				SWIFT_EMIT_LOC_STRINGS = NO;
				SWIFT_VERSION = 5.0;
				TARGETED_DEVICE_FAMILY = "1,2";
				TEST_HOST = "$(BUILT_PRODUCTS_DIR)/iOSPreWork.app/iOSPreWork";
			};
			name = Debug;
		};
		CE485ABE2789466C00402618 /* Release */ = {
			isa = XCBuildConfiguration;
			buildSettings = {
				ALWAYS_EMBED_SWIFT_STANDARD_LIBRARIES = YES;
				BUNDLE_LOADER = "$(TEST_HOST)";
				CODE_SIGN_STYLE = Automatic;
				CURRENT_PROJECT_VERSION = 1;
				GENERATE_INFOPLIST_FILE = YES;
				IPHONEOS_DEPLOYMENT_TARGET = 15.2;
				MARKETING_VERSION = 1.0;
				PRODUCT_BUNDLE_IDENTIFIER = memo.com.iOSPreWorkTests;
				PRODUCT_NAME = "$(TARGET_NAME)";
				SWIFT_EMIT_LOC_STRINGS = NO;
				SWIFT_VERSION = 5.0;
				TARGETED_DEVICE_FAMILY = "1,2";
				TEST_HOST = "$(BUILT_PRODUCTS_DIR)/iOSPreWork.app/iOSPreWork";
			};
			name = Release;
		};
		CE485AC02789466C00402618 /* Debug */ = {
			isa = XCBuildConfiguration;
			buildSettings = {
				ALWAYS_EMBED_SWIFT_STANDARD_LIBRARIES = YES;
				CODE_SIGN_STYLE = Automatic;
				CURRENT_PROJECT_VERSION = 1;
				GENERATE_INFOPLIST_FILE = YES;
				MARKETING_VERSION = 1.0;
				PRODUCT_BUNDLE_IDENTIFIER = memo.com.iOSPreWorkUITests;
				PRODUCT_NAME = "$(TARGET_NAME)";
				SWIFT_EMIT_LOC_STRINGS = NO;
				SWIFT_VERSION = 5.0;
				TARGETED_DEVICE_FAMILY = "1,2";
				TEST_TARGET_NAME = iOSPreWork;
			};
			name = Debug;
		};
		CE485AC12789466C00402618 /* Release */ = {
			isa = XCBuildConfiguration;
			buildSettings = {
				ALWAYS_EMBED_SWIFT_STANDARD_LIBRARIES = YES;
				CODE_SIGN_STYLE = Automatic;
				CURRENT_PROJECT_VERSION = 1;
				GENERATE_INFOPLIST_FILE = YES;
				MARKETING_VERSION = 1.0;
				PRODUCT_BUNDLE_IDENTIFIER = memo.com.iOSPreWorkUITests;
				PRODUCT_NAME = "$(TARGET_NAME)";
				SWIFT_EMIT_LOC_STRINGS = NO;
				SWIFT_VERSION = 5.0;
				TARGETED_DEVICE_FAMILY = "1,2";
				TEST_TARGET_NAME = iOSPreWork;
			};
			name = Release;
		};
/* End XCBuildConfiguration section */

/* Begin XCConfigurationList section */
		CE485A8A2789466800402618 /* Build configuration list for PBXProject "iOSPreWork" */ = {
			isa = XCConfigurationList;
			buildConfigurations = (
				CE485AB72789466C00402618 /* Debug */,
				CE485AB82789466C00402618 /* Release */,
			);
			defaultConfigurationIsVisible = 0;
			defaultConfigurationName = Release;
		};
		CE485AB92789466C00402618 /* Build configuration list for PBXNativeTarget "iOSPreWork" */ = {
			isa = XCConfigurationList;
			buildConfigurations = (
				CE485ABA2789466C00402618 /* Debug */,
				CE485ABB2789466C00402618 /* Release */,
			);
			defaultConfigurationIsVisible = 0;
			defaultConfigurationName = Release;
		};
		CE485ABC2789466C00402618 /* Build configuration list for PBXNativeTarget "iOSPreWorkTests" */ = {
			isa = XCConfigurationList;
			buildConfigurations = (
				CE485ABD2789466C00402618 /* Debug */,
				CE485ABE2789466C00402618 /* Release */,
			);
			defaultConfigurationIsVisible = 0;
			defaultConfigurationName = Release;
		};
		CE485ABF2789466C00402618 /* Build configuration list for PBXNativeTarget "iOSPreWorkUITests" */ = {
			isa = XCConfigurationList;
			buildConfigurations = (
				CE485AC02789466C00402618 /* Debug */,
				CE485AC12789466C00402618 /* Release */,
			);
			defaultConfigurationIsVisible = 0;
			defaultConfigurationName = Release;
		};
/* End XCConfigurationList section */
	};
	rootObject = CE485A872789466800402618 /* Project object */;
}
